
Microsoft Visual Studio Solution File, Format Version 12.00
# Visual Studio Version 17
VisualStudioVersion = 17.9.34902.65
MinimumVisualStudioVersion = 10.0.40219.1
Project("{FAE04EC0-301F-11D3-BF4B-00C04F79EFBC}") = "api_lindcorp", "api_lindcorp\api_lindcorp.csproj", "{0C96A087-6227-4EB5-8DEF-7F760A5C84B7}"
EndProject
Global
	GlobalSection(SolutionConfigurationPlatforms) = preSolution
		Debug|Any CPU = Debug|Any CPU
		Release|Any CPU = Release|Any CPU
	EndGlobalSection
	GlobalSection(ProjectConfigurationPlatforms) = postSolution
		{0C96A087-6227-4EB5-8DEF-7F760A5C84B7}.Debug|Any CPU.ActiveCfg = Debug|Any CPU
		{0C96A087-6227-4EB5-8DEF-7F760A5C84B7}.Debug|Any CPU.Build.0 = Debug|Any CPU
		{0C96A087-6227-4EB5-8DEF-7F760A5C84B7}.Release|Any CPU.ActiveCfg = Release|Any CPU
		{0C96A087-6227-4EB5-8DEF-7F760A5C84B7}.Release|Any CPU.Build.0 = Release|Any CPU
	EndGlobalSection
	GlobalSection(SolutionProperties) = preSolution
		HideSolutionNode = FALSE
	EndGlobalSection
	GlobalSection(ExtensibilityGlobals) = postSolution
		SolutionGuid = {C090B07D-C90F-47CD-B6CE-3074D1AD3E89}
	EndGlobalSection
EndGlobal
